{
  "name": "BrowseAndManageVideos-WEB",
  "lockfileVersion": 3,
  "requires": true,
  "packages": {
    "": {
      "dependencies": {
        "tui-pagination": "^3.4.1"
      }
    },
    "node_modules/tui-pagination": {
      "version": "3.4.1",
      "resolved": "https://registry.npmjs.org/tui-pagination/-/tui-pagination-3.4.1.tgz",
      "integrity": "sha512-W09L0wPMSFstthBhQjcLNDnN1yuCEDn/tIXmaKdTpNFYa11eNrNo/rOwXzrugXvP2arZ60KmVhkFzoAOEuV0Sg=="
    }
  }
}
